
Microsoft Visual Studio Solution File, Format Version 12.00
# Visual Studio Version 16
VisualStudioVersion = 16.0.31019.35
MinimumVisualStudioVersion = 10.0.40219.1
Project("{9A19103F-16F7-4668-BE54-9A1E7A4F7556}") = "ECaterer.Core", "ECaterer.Core\ECaterer.Core.csproj", "{A1DF7BBD-3086-4A1E-BF7D-D87C4CB76B49}"
EndProject
Project("{9A19103F-16F7-4668-BE54-9A1E7A4F7556}") = "ECaterer.Web", "ECaterer.Web\ECaterer.Web.csproj", "{771EE7CA-4F83-4E89-BF02-7BCBFD0741A3}"
EndProject
Project("{9A19103F-16F7-4668-BE54-9A1E7A4F7556}") = "ECareter.Web.Test", "ECareter.Web.Test\ECareter.Web.Test.csproj", "{3EEABC53-5A3A-4F3A-8FAB-CA9B5485F85B}"
EndProject
Project("{9A19103F-16F7-4668-BE54-9A1E7A4F7556}") = "ECaterer.WebApi", "ECaterer.WebApi\ECaterer.WebApi.csproj", "{5E5196F9-8F3D-4565-89E9-238EB58FA2E1}"
EndProject
Project("{E53339B2-1760-4266-BCC7-CA923CBCF16C}") = "docker-compose", "docker-compose.dcproj", "{7902F3AC-EC56-4E92-B6E3-1B3892D1CAA4}"
EndProject
Project("{FAE04EC0-301F-11D3-BF4B-00C04F79EFBC}") = "ECaterer.Contracts", "ECaterer.Contracts\ECaterer.Contracts.csproj", "{58712DC8-A3C2-4C54-B2AA-A30B90474117}"
EndProject
Global
	GlobalSection(SolutionConfigurationPlatforms) = preSolution
		Debug|Any CPU = Debug|Any CPU
		Release|Any CPU = Release|Any CPU
	EndGlobalSection
	GlobalSection(ProjectConfigurationPlatforms) = postSolution
		{A1DF7BBD-3086-4A1E-BF7D-D87C4CB76B49}.Debug|Any CPU.ActiveCfg = Debug|Any CPU
		{A1DF7BBD-3086-4A1E-BF7D-D87C4CB76B49}.Debug|Any CPU.Build.0 = Debug|Any CPU
		{A1DF7BBD-3086-4A1E-BF7D-D87C4CB76B49}.Release|Any CPU.ActiveCfg = Release|Any CPU
		{A1DF7BBD-3086-4A1E-BF7D-D87C4CB76B49}.Release|Any CPU.Build.0 = Release|Any CPU
		{771EE7CA-4F83-4E89-BF02-7BCBFD0741A3}.Debug|Any CPU.ActiveCfg = Debug|Any CPU
		{771EE7CA-4F83-4E89-BF02-7BCBFD0741A3}.Debug|Any CPU.Build.0 = Debug|Any CPU
		{771EE7CA-4F83-4E89-BF02-7BCBFD0741A3}.Release|Any CPU.ActiveCfg = Release|Any CPU
		{771EE7CA-4F83-4E89-BF02-7BCBFD0741A3}.Release|Any CPU.Build.0 = Release|Any CPU
		{3EEABC53-5A3A-4F3A-8FAB-CA9B5485F85B}.Debug|Any CPU.ActiveCfg = Debug|Any CPU
		{3EEABC53-5A3A-4F3A-8FAB-CA9B5485F85B}.Debug|Any CPU.Build.0 = Debug|Any CPU
		{3EEABC53-5A3A-4F3A-8FAB-CA9B5485F85B}.Release|Any CPU.ActiveCfg = Release|Any CPU
		{3EEABC53-5A3A-4F3A-8FAB-CA9B5485F85B}.Release|Any CPU.Build.0 = Release|Any CPU
		{5E5196F9-8F3D-4565-89E9-238EB58FA2E1}.Debug|Any CPU.ActiveCfg = Debug|Any CPU
		{5E5196F9-8F3D-4565-89E9-238EB58FA2E1}.Debug|Any CPU.Build.0 = Debug|Any CPU
		{5E5196F9-8F3D-4565-89E9-238EB58FA2E1}.Release|Any CPU.ActiveCfg = Release|Any CPU
		{5E5196F9-8F3D-4565-89E9-238EB58FA2E1}.Release|Any CPU.Build.0 = Release|Any CPU
		{7902F3AC-EC56-4E92-B6E3-1B3892D1CAA4}.Debug|Any CPU.ActiveCfg = Debug|Any CPU
		{7902F3AC-EC56-4E92-B6E3-1B3892D1CAA4}.Debug|Any CPU.Build.0 = Debug|Any CPU
		{7902F3AC-EC56-4E92-B6E3-1B3892D1CAA4}.Release|Any CPU.ActiveCfg = Release|Any CPU
		{7902F3AC-EC56-4E92-B6E3-1B3892D1CAA4}.Release|Any CPU.Build.0 = Release|Any CPU
		{58712DC8-A3C2-4C54-B2AA-A30B90474117}.Debug|Any CPU.ActiveCfg = Debug|Any CPU
		{58712DC8-A3C2-4C54-B2AA-A30B90474117}.Debug|Any CPU.Build.0 = Debug|Any CPU
		{58712DC8-A3C2-4C54-B2AA-A30B90474117}.Release|Any CPU.ActiveCfg = Release|Any CPU
		{58712DC8-A3C2-4C54-B2AA-A30B90474117}.Release|Any CPU.Build.0 = Release|Any CPU
	EndGlobalSection
	GlobalSection(SolutionProperties) = preSolution
		HideSolutionNode = FALSE
	EndGlobalSection
	GlobalSection(ExtensibilityGlobals) = postSolution
		SolutionGuid = {437D11FD-9C64-44EE-885B-AD4B6FD99C39}
	EndGlobalSection
EndGlobal
